
Microsoft Visual Studio Solution File, Format Version 12.00
# Visual Studio Version 17
VisualStudioVersion = 17.8.34322.80
MinimumVisualStudioVersion = 10.0.40219.1
Project("{FAE04EC0-301F-11D3-BF4B-00C04F79EFBC}") = "Lb1", "Lb1\Lb1.csproj", "{2C955D93-2185-431C-B78B-DFE235CAAC6C}"
EndProject
Project("{FAE04EC0-301F-11D3-BF4B-00C04F79EFBC}") = "Lb2", "Lb2\Lb2.csproj", "{6D2D9355-6065-4FF8-9430-2807996B6DCE}"
EndProject
Project("{FAE04EC0-301F-11D3-BF4B-00C04F79EFBC}") = "Lb3", "Lb3\Lb3.csproj", "{C2F0B85E-68A2-41D5-BF48-4AC51CD4AA1F}"
EndProject
Global
	GlobalSection(SolutionConfigurationPlatforms) = preSolution
		Debug|Any CPU = Debug|Any CPU
		Release|Any CPU = Release|Any CPU
	EndGlobalSection
	GlobalSection(ProjectConfigurationPlatforms) = postSolution
		{2C955D93-2185-431C-B78B-DFE235CAAC6C}.Debug|Any CPU.ActiveCfg = Debug|Any CPU
		{2C955D93-2185-431C-B78B-DFE235CAAC6C}.Debug|Any CPU.Build.0 = Debug|Any CPU
		{2C955D93-2185-431C-B78B-DFE235CAAC6C}.Release|Any CPU.ActiveCfg = Release|Any CPU
		{2C955D93-2185-431C-B78B-DFE235CAAC6C}.Release|Any CPU.Build.0 = Release|Any CPU
		{6D2D9355-6065-4FF8-9430-2807996B6DCE}.Debug|Any CPU.ActiveCfg = Debug|Any CPU
		{6D2D9355-6065-4FF8-9430-2807996B6DCE}.Debug|Any CPU.Build.0 = Debug|Any CPU
		{6D2D9355-6065-4FF8-9430-2807996B6DCE}.Release|Any CPU.ActiveCfg = Release|Any CPU
		{6D2D9355-6065-4FF8-9430-2807996B6DCE}.Release|Any CPU.Build.0 = Release|Any CPU
		{C2F0B85E-68A2-41D5-BF48-4AC51CD4AA1F}.Debug|Any CPU.ActiveCfg = Debug|Any CPU
		{C2F0B85E-68A2-41D5-BF48-4AC51CD4AA1F}.Debug|Any CPU.Build.0 = Debug|Any CPU
		{C2F0B85E-68A2-41D5-BF48-4AC51CD4AA1F}.Release|Any CPU.ActiveCfg = Release|Any CPU
		{C2F0B85E-68A2-41D5-BF48-4AC51CD4AA1F}.Release|Any CPU.Build.0 = Release|Any CPU
	EndGlobalSection
	GlobalSection(SolutionProperties) = preSolution
		HideSolutionNode = FALSE
	EndGlobalSection
	GlobalSection(ExtensibilityGlobals) = postSolution
		SolutionGuid = {C76584CA-548E-4E2D-A040-3C3CD2596493}
	EndGlobalSection
EndGlobal
